
Microsoft Visual Studio Solution File, Format Version 12.00
Project("{FAE04EC0-301F-11D3-BF4B-00C04F79EFBC}") = "MovieHubAPI", "MovieHubAPI\MovieHubAPI.csproj", "{B453D26F-F85D-4E84-AAC0-26A6B0F279B5}"
EndProject
Project("{FAE04EC0-301F-11D3-BF4B-00C04F79EFBC}") = "MovieHubApiUnitTests", "MovieHubApiUnitTests\MovieHubApiUnitTests.csproj", "{8EE42A87-A959-4835-ABAF-1649A24101F9}"
EndProject
Global
	GlobalSection(SolutionConfigurationPlatforms) = preSolution
		Debug|Any CPU = Debug|Any CPU
		Release|Any CPU = Release|Any CPU
	EndGlobalSection
	GlobalSection(ProjectConfigurationPlatforms) = postSolution
		{B453D26F-F85D-4E84-AAC0-26A6B0F279B5}.Debug|Any CPU.ActiveCfg = Debug|Any CPU
		{B453D26F-F85D-4E84-AAC0-26A6B0F279B5}.Debug|Any CPU.Build.0 = Debug|Any CPU
		{B453D26F-F85D-4E84-AAC0-26A6B0F279B5}.Release|Any CPU.ActiveCfg = Release|Any CPU
		{B453D26F-F85D-4E84-AAC0-26A6B0F279B5}.Release|Any CPU.Build.0 = Release|Any CPU
		{8EE42A87-A959-4835-ABAF-1649A24101F9}.Debug|Any CPU.ActiveCfg = Debug|Any CPU
		{8EE42A87-A959-4835-ABAF-1649A24101F9}.Debug|Any CPU.Build.0 = Debug|Any CPU
		{8EE42A87-A959-4835-ABAF-1649A24101F9}.Release|Any CPU.ActiveCfg = Release|Any CPU
		{8EE42A87-A959-4835-ABAF-1649A24101F9}.Release|Any CPU.Build.0 = Release|Any CPU
	EndGlobalSection
EndGlobal
